
Microsoft Visual Studio Solution File, Format Version 12.00
# Visual Studio 15
VisualStudioVersion = 15.0.28010.2041
MinimumVisualStudioVersion = 10.0.40219.1
Project("{FAE04EC0-301F-11D3-BF4B-00C04F79EFBC}") = "Algo3", "Algo3\Algo3.csproj", "{AF4408E3-206B-4CC8-BD0E-1C2190831668}"
EndProject
Global
	GlobalSection(SolutionConfigurationPlatforms) = preSolution
		Debug|Any CPU = Debug|Any CPU
		Release|Any CPU = Release|Any CPU
	EndGlobalSection
	GlobalSection(ProjectConfigurationPlatforms) = postSolution
		{AF4408E3-206B-4CC8-BD0E-1C2190831668}.Debug|Any CPU.ActiveCfg = Debug|Any CPU
		{AF4408E3-206B-4CC8-BD0E-1C2190831668}.Debug|Any CPU.Build.0 = Debug|Any CPU
		{AF4408E3-206B-4CC8-BD0E-1C2190831668}.Release|Any CPU.ActiveCfg = Release|Any CPU
		{AF4408E3-206B-4CC8-BD0E-1C2190831668}.Release|Any CPU.Build.0 = Release|Any CPU
	EndGlobalSection
	GlobalSection(SolutionProperties) = preSolution
		HideSolutionNode = FALSE
	EndGlobalSection
	GlobalSection(ExtensibilityGlobals) = postSolution
		SolutionGuid = {9F482D2D-BD24-4947-8EAF-4D6D8C134DD2}
	EndGlobalSection
EndGlobal
